
Microsoft Visual Studio Solution File, Format Version 12.00
# Visual Studio Version 17
VisualStudioVersion = 17.6.33815.320
MinimumVisualStudioVersion = 10.0.40219.1
Project("{9A19103F-16F7-4668-BE54-9A1E7A4F7556}") = "MyDemoConsoleApp1", "MyDemoConsoleApp1\MyDemoConsoleApp1.csproj", "{7F2FB231-6763-4CD6-AC93-2C0D0F73339B}"
EndProject
Project("{FAE04EC0-301F-11D3-BF4B-00C04F79EFBC}") = "DemoUnittest", "DemoUnittest\DemoUnittest.csproj", "{0805935A-6205-4A60-A596-2F3226025233}"
EndProject
Global
	GlobalSection(SolutionConfigurationPlatforms) = preSolution
		Debug|Any CPU = Debug|Any CPU
		Release|Any CPU = Release|Any CPU
	EndGlobalSection
	GlobalSection(ProjectConfigurationPlatforms) = postSolution
		{7F2FB231-6763-4CD6-AC93-2C0D0F73339B}.Debug|Any CPU.ActiveCfg = Debug|Any CPU
		{7F2FB231-6763-4CD6-AC93-2C0D0F73339B}.Debug|Any CPU.Build.0 = Debug|Any CPU
		{7F2FB231-6763-4CD6-AC93-2C0D0F73339B}.Release|Any CPU.ActiveCfg = Release|Any CPU
		{7F2FB231-6763-4CD6-AC93-2C0D0F73339B}.Release|Any CPU.Build.0 = Release|Any CPU
		{0805935A-6205-4A60-A596-2F3226025233}.Debug|Any CPU.ActiveCfg = Debug|Any CPU
		{0805935A-6205-4A60-A596-2F3226025233}.Debug|Any CPU.Build.0 = Debug|Any CPU
		{0805935A-6205-4A60-A596-2F3226025233}.Release|Any CPU.ActiveCfg = Release|Any CPU
		{0805935A-6205-4A60-A596-2F3226025233}.Release|Any CPU.Build.0 = Release|Any CPU
	EndGlobalSection
	GlobalSection(SolutionProperties) = preSolution
		HideSolutionNode = FALSE
	EndGlobalSection
	GlobalSection(ExtensibilityGlobals) = postSolution
		SolutionGuid = {A2DED21C-22A0-4A39-AC76-E2BA6B737F65}
	EndGlobalSection
EndGlobal
