
Microsoft Visual Studio Solution File, Format Version 12.00
# Visual Studio Version 17
VisualStudioVersion = 17.6.33829.357
MinimumVisualStudioVersion = 10.0.40219.1
Project("{FAE04EC0-301F-11D3-BF4B-00C04F79EFBC}") = "AutomapperDemo", "AutomapperDemo\AutomapperDemo.csproj", "{BCA00793-43C8-4E68-91BD-115AFD07D73A}"
EndProject
Project("{FAE04EC0-301F-11D3-BF4B-00C04F79EFBC}") = "TestProject1", "TestProject1\TestProject1.csproj", "{221B5FCD-6EE3-487F-BB36-35DBDE3EDF05}"
EndProject
Project("{2150E333-8FDC-42A3-9474-1A3956D46DE8}") = "Solution Items", "Solution Items", "{AE7D6BFE-C8BB-4B39-9B2B-64A3787DE075}"
	ProjectSection(SolutionItems) = preProject
		.gitignore = .gitignore
	EndProjectSection
EndProject
Project("{FAE04EC0-301F-11D3-BF4B-00C04F79EFBC}") = "MyPocoLib", "MyPocoLib\MyPocoLib.csproj", "{7FA7A48A-CBE3-4550-A7BD-BBDEC4AB7423}"
EndProject
Project("{FAE04EC0-301F-11D3-BF4B-00C04F79EFBC}") = "MapperLib", "MapperLib\MapperLib.csproj", "{124B2516-E960-43F4-81B7-4D678997F1C1}"
EndProject
Global
	GlobalSection(SolutionConfigurationPlatforms) = preSolution
		Debug|Any CPU = Debug|Any CPU
		Release|Any CPU = Release|Any CPU
	EndGlobalSection
	GlobalSection(ProjectConfigurationPlatforms) = postSolution
		{BCA00793-43C8-4E68-91BD-115AFD07D73A}.Debug|Any CPU.ActiveCfg = Debug|Any CPU
		{BCA00793-43C8-4E68-91BD-115AFD07D73A}.Debug|Any CPU.Build.0 = Debug|Any CPU
		{BCA00793-43C8-4E68-91BD-115AFD07D73A}.Release|Any CPU.ActiveCfg = Release|Any CPU
		{BCA00793-43C8-4E68-91BD-115AFD07D73A}.Release|Any CPU.Build.0 = Release|Any CPU
		{221B5FCD-6EE3-487F-BB36-35DBDE3EDF05}.Debug|Any CPU.ActiveCfg = Debug|Any CPU
		{221B5FCD-6EE3-487F-BB36-35DBDE3EDF05}.Debug|Any CPU.Build.0 = Debug|Any CPU
		{221B5FCD-6EE3-487F-BB36-35DBDE3EDF05}.Release|Any CPU.ActiveCfg = Release|Any CPU
		{221B5FCD-6EE3-487F-BB36-35DBDE3EDF05}.Release|Any CPU.Build.0 = Release|Any CPU
		{7FA7A48A-CBE3-4550-A7BD-BBDEC4AB7423}.Debug|Any CPU.ActiveCfg = Debug|Any CPU
		{7FA7A48A-CBE3-4550-A7BD-BBDEC4AB7423}.Debug|Any CPU.Build.0 = Debug|Any CPU
		{7FA7A48A-CBE3-4550-A7BD-BBDEC4AB7423}.Release|Any CPU.ActiveCfg = Release|Any CPU
		{7FA7A48A-CBE3-4550-A7BD-BBDEC4AB7423}.Release|Any CPU.Build.0 = Release|Any CPU
		{124B2516-E960-43F4-81B7-4D678997F1C1}.Debug|Any CPU.ActiveCfg = Debug|Any CPU
		{124B2516-E960-43F4-81B7-4D678997F1C1}.Debug|Any CPU.Build.0 = Debug|Any CPU
		{124B2516-E960-43F4-81B7-4D678997F1C1}.Release|Any CPU.ActiveCfg = Release|Any CPU
		{124B2516-E960-43F4-81B7-4D678997F1C1}.Release|Any CPU.Build.0 = Release|Any CPU
	EndGlobalSection
	GlobalSection(SolutionProperties) = preSolution
		HideSolutionNode = FALSE
	EndGlobalSection
	GlobalSection(ExtensibilityGlobals) = postSolution
		SolutionGuid = {3F117F9B-DF2A-4DC4-8706-6D27444DA69E}
	EndGlobalSection
EndGlobal
