
Microsoft Visual Studio Solution File, Format Version 12.00
# Visual Studio Version 16
VisualStudioVersion = 16.0.32106.194
MinimumVisualStudioVersion = 10.0.40219.1
Project("{9A19103F-16F7-4668-BE54-9A1E7A4F7556}") = "WebApplication1", "WebApplication1\WebApplication1.csproj", "{47C6A8F7-7AA0-46A7-A955-EB1A5CDE1107}"
EndProject
Project("{2150E333-8FDC-42A3-9474-1A3956D46DE8}") = "Solution Items", "Solution Items", "{740E37AD-86FC-4F61-A6D6-466B72DBB4B7}"
	ProjectSection(SolutionItems) = preProject
		.GITIGNORE = .GITIGNORE
	EndProjectSection
EndProject
Project("{FAE04EC0-301F-11D3-BF4B-00C04F79EFBC}") = "Infrastructure", "Infrastructure\Infrastructure.csproj", "{E8337EBB-24E7-468F-9F0F-2C64F9CE9368}"
EndProject
Global
	GlobalSection(SolutionConfigurationPlatforms) = preSolution
		Debug|Any CPU = Debug|Any CPU
		Release|Any CPU = Release|Any CPU
	EndGlobalSection
	GlobalSection(ProjectConfigurationPlatforms) = postSolution
		{47C6A8F7-7AA0-46A7-A955-EB1A5CDE1107}.Debug|Any CPU.ActiveCfg = Debug|Any CPU
		{47C6A8F7-7AA0-46A7-A955-EB1A5CDE1107}.Debug|Any CPU.Build.0 = Debug|Any CPU
		{47C6A8F7-7AA0-46A7-A955-EB1A5CDE1107}.Release|Any CPU.ActiveCfg = Release|Any CPU
		{47C6A8F7-7AA0-46A7-A955-EB1A5CDE1107}.Release|Any CPU.Build.0 = Release|Any CPU
		{E8337EBB-24E7-468F-9F0F-2C64F9CE9368}.Debug|Any CPU.ActiveCfg = Debug|Any CPU
		{E8337EBB-24E7-468F-9F0F-2C64F9CE9368}.Debug|Any CPU.Build.0 = Debug|Any CPU
		{E8337EBB-24E7-468F-9F0F-2C64F9CE9368}.Release|Any CPU.ActiveCfg = Release|Any CPU
		{E8337EBB-24E7-468F-9F0F-2C64F9CE9368}.Release|Any CPU.Build.0 = Release|Any CPU
	EndGlobalSection
	GlobalSection(SolutionProperties) = preSolution
		HideSolutionNode = FALSE
	EndGlobalSection
	GlobalSection(ExtensibilityGlobals) = postSolution
		SolutionGuid = {AEF52B98-CA6C-48FB-8777-FE75A2AE5F03}
	EndGlobalSection
EndGlobal
