
Microsoft Visual Studio Solution File, Format Version 12.00
# Visual Studio Version 17
VisualStudioVersion = 17.5.33502.453
MinimumVisualStudioVersion = 10.0.40219.1
Project("{2150E333-8FDC-42A3-9474-1A3956D46DE8}") = "Solution Items", "Solution Items", "{DA9316FC-2988-4910-9549-8CCA1C12F6D0}"
	ProjectSection(SolutionItems) = preProject
		.gitignore = .gitignore
		..\readme.md = ..\readme.md
	EndProjectSection
EndProject
Project("{930C7802-8A8C-48F9-8165-68863BCCD9DD}") = "SetupProject1", "SetupProject1\SetupProject1.wixproj", "{703F8137-487C-4A5F-AB88-67A43352D9D9}"
EndProject
Project("{FAE04EC0-301F-11D3-BF4B-00C04F79EFBC}") = "SampleDocs", "SampleDocs\SampleDocs.csproj", "{D55A4CC2-23E8-445C-BFD7-A78F55FA3427}"
EndProject
Project("{54435603-DBB4-11D2-8724-00A0C9A8B90C}") = "VsSetupProjectUsingWizard001", "VsSetupProjectUsingWizard001\VsSetupProjectUsingWizard001.vdproj", "{B1CD15B0-588C-4963-B32B-7DB1FF497E7E}"
EndProject
Project("{54435603-DBB4-11D2-8724-00A0C9A8B90C}") = "VsSetupProject002", "VsSetupProject002\VsSetupProject002.vdproj", "{42D97BF1-94F7-40DA-91E9-3EE5EB4BCC18}"
EndProject
Global
	GlobalSection(SolutionConfigurationPlatforms) = preSolution
		Debug|Any CPU = Debug|Any CPU
		Debug|x86 = Debug|x86
		Release|Any CPU = Release|Any CPU
		Release|x86 = Release|x86
	EndGlobalSection
	GlobalSection(ProjectConfigurationPlatforms) = postSolution
		{703F8137-487C-4A5F-AB88-67A43352D9D9}.Debug|Any CPU.ActiveCfg = Debug|x86
		{703F8137-487C-4A5F-AB88-67A43352D9D9}.Debug|Any CPU.Build.0 = Debug|x86
		{703F8137-487C-4A5F-AB88-67A43352D9D9}.Debug|x86.ActiveCfg = Debug|x86
		{703F8137-487C-4A5F-AB88-67A43352D9D9}.Release|Any CPU.ActiveCfg = Release|x86
		{703F8137-487C-4A5F-AB88-67A43352D9D9}.Release|Any CPU.Build.0 = Release|x86
		{703F8137-487C-4A5F-AB88-67A43352D9D9}.Release|x86.ActiveCfg = Release|x86
		{703F8137-487C-4A5F-AB88-67A43352D9D9}.Release|x86.Build.0 = Release|x86
		{D55A4CC2-23E8-445C-BFD7-A78F55FA3427}.Debug|Any CPU.ActiveCfg = Debug|Any CPU
		{D55A4CC2-23E8-445C-BFD7-A78F55FA3427}.Debug|Any CPU.Build.0 = Debug|Any CPU
		{D55A4CC2-23E8-445C-BFD7-A78F55FA3427}.Debug|x86.ActiveCfg = Debug|Any CPU
		{D55A4CC2-23E8-445C-BFD7-A78F55FA3427}.Debug|x86.Build.0 = Debug|Any CPU
		{D55A4CC2-23E8-445C-BFD7-A78F55FA3427}.Release|Any CPU.ActiveCfg = Release|Any CPU
		{D55A4CC2-23E8-445C-BFD7-A78F55FA3427}.Release|Any CPU.Build.0 = Release|Any CPU
		{D55A4CC2-23E8-445C-BFD7-A78F55FA3427}.Release|x86.ActiveCfg = Release|Any CPU
		{D55A4CC2-23E8-445C-BFD7-A78F55FA3427}.Release|x86.Build.0 = Release|Any CPU
		{B1CD15B0-588C-4963-B32B-7DB1FF497E7E}.Debug|Any CPU.ActiveCfg = Debug
		{B1CD15B0-588C-4963-B32B-7DB1FF497E7E}.Debug|x86.ActiveCfg = Debug
		{B1CD15B0-588C-4963-B32B-7DB1FF497E7E}.Release|Any CPU.ActiveCfg = Release
		{B1CD15B0-588C-4963-B32B-7DB1FF497E7E}.Release|x86.ActiveCfg = Release
		{42D97BF1-94F7-40DA-91E9-3EE5EB4BCC18}.Debug|Any CPU.ActiveCfg = Debug
		{42D97BF1-94F7-40DA-91E9-3EE5EB4BCC18}.Debug|x86.ActiveCfg = Debug
		{42D97BF1-94F7-40DA-91E9-3EE5EB4BCC18}.Release|Any CPU.ActiveCfg = Release
		{42D97BF1-94F7-40DA-91E9-3EE5EB4BCC18}.Release|x86.ActiveCfg = Release
	EndGlobalSection
	GlobalSection(SolutionProperties) = preSolution
		HideSolutionNode = FALSE
	EndGlobalSection
	GlobalSection(ExtensibilityGlobals) = postSolution
		SolutionGuid = {C450EE77-D963-45B0-8B55-3DB0B041237B}
	EndGlobalSection
EndGlobal
